
Microsoft Visual Studio Solution File, Format Version 12.00
Project("{FAE04EC0-301F-11D3-BF4B-00C04F79EFBC}") = "TimelineInternals", "TimelineInternals\TimelineInternals.csproj", "{893F832E-BD26-4D05-9139-4CAD99B8E5BB}"
EndProject
Global
	GlobalSection(SolutionConfigurationPlatforms) = preSolution
		Debug|Any CPU = Debug|Any CPU
		Release|Any CPU = Release|Any CPU
	EndGlobalSection
	GlobalSection(ProjectConfigurationPlatforms) = postSolution
		{893F832E-BD26-4D05-9139-4CAD99B8E5BB}.Debug|Any CPU.ActiveCfg = Debug|Any CPU
		{893F832E-BD26-4D05-9139-4CAD99B8E5BB}.Debug|Any CPU.Build.0 = Debug|Any CPU
		{893F832E-BD26-4D05-9139-4CAD99B8E5BB}.Release|Any CPU.ActiveCfg = Release|Any CPU
		{893F832E-BD26-4D05-9139-4CAD99B8E5BB}.Release|Any CPU.Build.0 = Release|Any CPU
	EndGlobalSection
EndGlobal
